// !$*UTF8*$!
{
	archiveVersion = 1;
	classes = {
	};
	objectVersion = 54;
	objects = {

/* Begin PBXBuildFile section */
		0C80B921A6F3F58F76C31292 /* libPods-MyStore.a in Frameworks */ = {isa = PBXBuildFile; fileRef = 5DCACB8F33CDC322A6C60F78 /* libPods-MyStore.a */; };
		13B07FBF1A68108700A75B9A /* Images.xcassets in Resources */ = {isa = PBXBuildFile; fileRef = 13B07FB51A68108700A75B9A /* Images.xcassets */; };
		761780ED2CA45674006654EE /* AppDelegate.swift in Sources */ = {isa = PBXBuildFile; fileRef = 761780EC2CA45674006654EE /* AppDelegate.swift */; };
		81AB9BB82411601600AC10FF /* LaunchScreen.storyboard in Resources */ = {isa = PBXBuildFile; fileRef = 81AB9BB72411601600AC10FF /* LaunchScreen.storyboard */; };
		A96E28AF0FBF4401B0C4A84F /* Nippo-Bold.otf in Resources */ = {isa = PBXBuildFile; fileRef = A41046DB9DF248EC82C08CB0 /* Nippo-Bold.otf */; };
		EA4C170E9D7E49498D6F4622 /* Nippo-Extralight.otf in Resources */ = {isa = PBXBuildFile; fileRef = 4BAAED9DC3704ED8A3AEBEDA /* Nippo-Extralight.otf */; };
		922188DC5D5E4D92921A41C0 /* Nippo-Light.otf in Resources */ = {isa = PBXBuildFile; fileRef = C31F9582C2964A68897A18AA /* Nippo-Light.otf */; };
		85CD5971CA3246ABAFDB8814 /* Nippo-Medium.otf in Resources */ = {isa = PBXBuildFile; fileRef = 8FD5484EF1C3474D98E393E2 /* Nippo-Medium.otf */; };
		DEBD7E2464034D0A8EAF263D /* Nippo-Regular.otf in Resources */ = {isa = PBXBuildFile; fileRef = 7BC05236A03B4A81BAC08A2F /* Nippo-Regular.otf */; };
		4584BDD179EF4F128B3F2286 /* AntDesign.ttf in Resources */ = {isa = PBXBuildFile; fileRef = 45825BD767DA41538B966A8D /* AntDesign.ttf */; };
		5BBF1F823ACA431A94813099 /* Nippo-Medium.ttf in Resources */ = {isa = PBXBuildFile; fileRef = 69293001E8C341C69DDA353F /* Nippo-Medium.ttf */; };
		633E9C2E8BE5439AB9B66BA3 /* Entypo.ttf in Resources */ = {isa = PBXBuildFile; fileRef = 9E74B638340940CB969D5B39 /* Entypo.ttf */; };
		AEBF8DFA85374D99ADE70F9A /* EvilIcons.ttf in Resources */ = {isa = PBXBuildFile; fileRef = 7459439AA655470FA513D080 /* EvilIcons.ttf */; };
		BF39687E39324FCCBE134C86 /* Feather.ttf in Resources */ = {isa = PBXBuildFile; fileRef = FAB13BB40C0545F7ADEDF75C /* Feather.ttf */; };
		13D01517F941420F97D022A1 /* FontAwesome.ttf in Resources */ = {isa = PBXBuildFile; fileRef = AEDBBB4E3C2D4A768A033680 /* FontAwesome.ttf */; };
		19F118B2A8E84BA09A53D10F /* FontAwesome5_Brands.ttf in Resources */ = {isa = PBXBuildFile; fileRef = 23258E07B98946DFA4A5778C /* FontAwesome5_Brands.ttf */; };
		2D7AE89BA53C4C9E806D7F12 /* FontAwesome5_Regular.ttf in Resources */ = {isa = PBXBuildFile; fileRef = 37A400EC1D314C92B1204A0C /* FontAwesome5_Regular.ttf */; };
		3AB45DB0F7B2420AA01DE2D4 /* FontAwesome5_Solid.ttf in Resources */ = {isa = PBXBuildFile; fileRef = AFF2EAD3F43A4C628CDC08B8 /* FontAwesome5_Solid.ttf */; };
		A1E4A9B261A64D5B94F38C4A /* FontAwesome6_Brands.ttf in Resources */ = {isa = PBXBuildFile; fileRef = 64673D81DC354F42AA017FB5 /* FontAwesome6_Brands.ttf */; };
		7FDFEF37BB2D42C29CCEDB67 /* FontAwesome6_Regular.ttf in Resources */ = {isa = PBXBuildFile; fileRef = 9AA2F4D1CF7141C1BDAAB987 /* FontAwesome6_Regular.ttf */; };
		973FB45917E140A9BFA72A9F /* Nippo-Variable.ttf in Resources */ = {isa = PBXBuildFile; fileRef = 8994E4C1A3594D31A688E260 /* Nippo-Variable.ttf */; };
		55E2FD53875E4D2084AF1E3B /* FontAwesome6_Solid.ttf in Resources */ = {isa = PBXBuildFile; fileRef = 7414BE7375D2419DB781BFA5 /* FontAwesome6_Solid.ttf */; };
		BF3BC93D3A19437CB366B5BF /* Fontisto.ttf in Resources */ = {isa = PBXBuildFile; fileRef = 7ED1EF3D933F4ABC9034DCB5 /* Fontisto.ttf */; };
		0F593C3C648E426C9C3EFADC /* Nippo-Bold.ttf in Resources */ = {isa = PBXBuildFile; fileRef = 33F1200E3E514B89977220E1 /* Nippo-Bold.ttf */; };
		C796C6AF1CC5431BBE81D96E /* Foundation.ttf in Resources */ = {isa = PBXBuildFile; fileRef = D7272492CF054247B4B6FDCC /* Foundation.ttf */; };
		10BA526358274CE69FF1CFDC /* Ionicons.ttf in Resources */ = {isa = PBXBuildFile; fileRef = 10BB81221F7E4545BF5A28CC /* Ionicons.ttf */; };
		D8AF8A880E254D778265186A /* Nippo-Extralight.ttf in Resources */ = {isa = PBXBuildFile; fileRef = 1A0F0802429942E38F1C301E /* Nippo-Extralight.ttf */; };
		53CFAC10EBBF4332ABEE88A8 /* Nippo-Light.ttf in Resources */ = {isa = PBXBuildFile; fileRef = 532AFBE9604C47AB98B5BB13 /* Nippo-Light.ttf */; };
		4C8E1365B7F645DCB1233D18 /* MaterialCommunityIcons.ttf in Resources */ = {isa = PBXBuildFile; fileRef = 687BAE985B8E4D049478D03E /* MaterialCommunityIcons.ttf */; };
		E3641CF6414F44A08CC0B41E /* MaterialIcons.ttf in Resources */ = {isa = PBXBuildFile; fileRef = 2D370DB7C93944A1AB2EFC54 /* MaterialIcons.ttf */; };
		4D3B6DD6719242F9B5E92E3D /* Nippo-Medium.ttf in Resources */ = {isa = PBXBuildFile; fileRef = DEC8CD99B3E44FA8841187F8 /* Nippo-Medium.ttf */; };
		FB501AD4B93C4F739EAC3137 /* Octicons.ttf in Resources */ = {isa = PBXBuildFile; fileRef = 4368470CC7F849EDB591E3AA /* Octicons.ttf */; };
		639FE49897F14291B509E641 /* SimpleLineIcons.ttf in Resources */ = {isa = PBXBuildFile; fileRef = F18295DFD04D4400ABC7157D /* SimpleLineIcons.ttf */; };
		98F1D45687834BA595F10E6C /* Zocial.ttf in Resources */ = {isa = PBXBuildFile; fileRef = 3307CDC531F54758884C3703 /* Zocial.ttf */; };
		41D86DD8DCF44D1AA4846094 /* Nippo-Regular.ttf in Resources */ = {isa = PBXBuildFile; fileRef = 5ACD93CF371E419A8AE098FA /* Nippo-Regular.ttf */; };
		7993E3DB03E340D5A6F18E36 /* nippo.css in Resources */ = {isa = PBXBuildFile; fileRef = 1CDF1E8164C24B018E98B05D /* nippo.css */; };
		D321A55653E243DABEF11CDD /* Nippo-Bold.eot in Resources */ = {isa = PBXBuildFile; fileRef = F9D4B081AEBE407080C1A9B5 /* Nippo-Bold.eot */; };
		F69CEBAB806C472B8C228715 /* Nippo-Bold.woff in Resources */ = {isa = PBXBuildFile; fileRef = DA87AFD7D4E4420FBC84A8ED /* Nippo-Bold.woff */; };
		1D57F443B6484580A5F06F77 /* Nippo-Bold.woff2 in Resources */ = {isa = PBXBuildFile; fileRef = 13287EE23AAD435F857F826B /* Nippo-Bold.woff2 */; };
		52EA3098ECBB43B49CBF06D3 /* Nippo-Extralight.eot in Resources */ = {isa = PBXBuildFile; fileRef = 8C4B1E91D0584A3A9F5E57DC /* Nippo-Extralight.eot */; };
		FB8428DF314D43A6BE753471 /* Nippo-Extralight.woff in Resources */ = {isa = PBXBuildFile; fileRef = 3F1907F7E5F8416997FD1C77 /* Nippo-Extralight.woff */; };
		1221EA43F3B24FDE84053A07 /* Nippo-Extralight.woff2 in Resources */ = {isa = PBXBuildFile; fileRef = 40C97382D5514D268C182654 /* Nippo-Extralight.woff2 */; };
		46FFD2F3D14042748A99F30F /* Nippo-Light.eot in Resources */ = {isa = PBXBuildFile; fileRef = 4B415391A97D442E87793992 /* Nippo-Light.eot */; };
		3E5B33E7812043BAB63627AD /* Nippo-Light.woff in Resources */ = {isa = PBXBuildFile; fileRef = 4599CFB047324080A4B6904B /* Nippo-Light.woff */; };
		31D63C83DA3C478FAD66F868 /* Nippo-Light.woff2 in Resources */ = {isa = PBXBuildFile; fileRef = 10548B30F29A4351807C5F80 /* Nippo-Light.woff2 */; };
		87E1E1DA05E043C982A322C4 /* Nippo-Medium.eot in Resources */ = {isa = PBXBuildFile; fileRef = A17E4E0D0B2048EEB0D7F047 /* Nippo-Medium.eot */; };
		58BC1EC5820B4AE391F1116B /* Nippo-Medium.woff in Resources */ = {isa = PBXBuildFile; fileRef = 771E447042FB48D8ACCF372B /* Nippo-Medium.woff */; };
		5564F021ECD34281B9866E52 /* Nippo-Medium.woff2 in Resources */ = {isa = PBXBuildFile; fileRef = A0A773116E07494DBB2AFD03 /* Nippo-Medium.woff2 */; };
		F4A7417A60A244BF98C604CE /* Nippo-Regular.eot in Resources */ = {isa = PBXBuildFile; fileRef = 6B051AA759EF4CD380B200B4 /* Nippo-Regular.eot */; };
		E0BA702EF0CB4CADB0AEC360 /* Nippo-Regular.woff in Resources */ = {isa = PBXBuildFile; fileRef = CC5FF12AC7994DF894256DC8 /* Nippo-Regular.woff */; };
		9A21127D05C2482494858671 /* Nippo-Regular.woff2 in Resources */ = {isa = PBXBuildFile; fileRef = E584ABFFC7604AE1847ED94C /* Nippo-Regular.woff2 */; };
		E5544E015FE44587AD1009C8 /* Nippo-Variable.eot in Resources */ = {isa = PBXBuildFile; fileRef = F5FC6E711BD24F28934FF878 /* Nippo-Variable.eot */; };
		07D240C12B114D47AEB4A61C /* Nippo-Variable.woff in Resources */ = {isa = PBXBuildFile; fileRef = 9252C2BD83514DD698A72E9D /* Nippo-Variable.woff */; };
		08459FAE3EF54D47893460C3 /* Nippo-Variable.woff2 in Resources */ = {isa = PBXBuildFile; fileRef = 9EC79E1BACC244339DAECD56 /* Nippo-Variable.woff2 */; };
		C1B8AE488E1242FDA9EBB3AF /* README.md in Resources */ = {isa = PBXBuildFile; fileRef = 98DCDF0DA6814C9CA9C65196 /* README.md */; };
		3181A28015044305BBE4A7CA /* FFL.txt in Resources */ = {isa = PBXBuildFile; fileRef = 9F39AB16615F489F9039EC02 /* FFL.txt */; };
/* End PBXBuildFile section */

/* Begin PBXFileReference section */
		13B07F961A680F5B00A75B9A /* MyStore.app */ = {isa = PBXFileReference; explicitFileType = wrapper.application; includeInIndex = 0; path = MyStore.app; sourceTree = BUILT_PRODUCTS_DIR; };
		13B07FB51A68108700A75B9A /* Images.xcassets */ = {isa = PBXFileReference; lastKnownFileType = folder.assetcatalog; name = Images.xcassets; path = MyStore/Images.xcassets; sourceTree = "<group>"; };
		13B07FB61A68108700A75B9A /* Info.plist */ = {isa = PBXFileReference; fileEncoding = 4; lastKnownFileType = text.plist.xml; name = Info.plist; path = MyStore/Info.plist; sourceTree = "<group>"; };
		13B07FB81A68108700A75B9A /* PrivacyInfo.xcprivacy */ = {isa = PBXFileReference; fileEncoding = 4; lastKnownFileType = text.plist.xml; name = PrivacyInfo.xcprivacy; path = MyStore/PrivacyInfo.xcprivacy; sourceTree = "<group>"; };
		3B4392A12AC88292D35C810B /* Pods-MyStore.debug.xcconfig */ = {isa = PBXFileReference; includeInIndex = 1; lastKnownFileType = text.xcconfig; name = "Pods-MyStore.debug.xcconfig"; path = "Target Support Files/Pods-MyStore/Pods-MyStore.debug.xcconfig"; sourceTree = "<group>"; };
		5709B34CF0A7D63546082F79 /* Pods-MyStore.release.xcconfig */ = {isa = PBXFileReference; includeInIndex = 1; lastKnownFileType = text.xcconfig; name = "Pods-MyStore.release.xcconfig"; path = "Target Support Files/Pods-MyStore/Pods-MyStore.release.xcconfig"; sourceTree = "<group>"; };
		5DCACB8F33CDC322A6C60F78 /* libPods-MyStore.a */ = {isa = PBXFileReference; explicitFileType = archive.ar; includeInIndex = 0; path = "libPods-MyStore.a"; sourceTree = BUILT_PRODUCTS_DIR; };
		761780EC2CA45674006654EE /* AppDelegate.swift */ = {isa = PBXFileReference; lastKnownFileType = sourcecode.swift; name = AppDelegate.swift; path = MyStore/AppDelegate.swift; sourceTree = "<group>"; };
		81AB9BB72411601600AC10FF /* LaunchScreen.storyboard */ = {isa = PBXFileReference; fileEncoding = 4; lastKnownFileType = file.storyboard; name = LaunchScreen.storyboard; path = MyStore/LaunchScreen.storyboard; sourceTree = "<group>"; };
		ED297162215061F231512B7C4FE /* JavaScriptCore.framework */ = {isa = PBXFileReference; lastKnownFileType = wrapper.framework; name = JavaScriptCore.framework; path = System/Library/Frameworks/JavaScriptCore.framework; sourceTree = SDKROOT; };
		A41046DB9DF248EC82C08CB0 /* Nippo-Bold.otf */ = {isa = PBXFileReference; name = "Nippo-Bold.otf"; path = "../assets/fonts/Nippo_Complete/Nippo_Complete/Fonts/OTF/Nippo-Bold.otf"; sourceTree = "<group>"; fileEncoding = undefined; lastKnownFileType = unknown; explicitFileType = undefined; includeInIndex = 0; };
		4BAAED9DC3704ED8A3AEBEDA /* Nippo-Extralight.otf */ = {isa = PBXFileReference; name = "Nippo-Extralight.otf"; path = "../assets/fonts/Nippo_Complete/Nippo_Complete/Fonts/OTF/Nippo-Extralight.otf"; sourceTree = "<group>"; fileEncoding = undefined; lastKnownFileType = unknown; explicitFileType = undefined; includeInIndex = 0; };
		C31F9582C2964A68897A18AA /* Nippo-Light.otf */ = {isa = PBXFileReference; name = "Nippo-Light.otf"; path = "../assets/fonts/Nippo_Complete/Nippo_Complete/Fonts/OTF/Nippo-Light.otf"; sourceTree = "<group>"; fileEncoding = undefined; lastKnownFileType = unknown; explicitFileType = undefined; includeInIndex = 0; };
		8FD5484EF1C3474D98E393E2 /* Nippo-Medium.otf */ = {isa = PBXFileReference; name = "Nippo-Medium.otf"; path = "../assets/fonts/Nippo_Complete/Nippo_Complete/Fonts/OTF/Nippo-Medium.otf"; sourceTree = "<group>"; fileEncoding = undefined; lastKnownFileType = unknown; explicitFileType = undefined; includeInIndex = 0; };
		7BC05236A03B4A81BAC08A2F /* Nippo-Regular.otf */ = {isa = PBXFileReference; name = "Nippo-Regular.otf"; path = "../assets/fonts/Nippo_Complete/Nippo_Complete/Fonts/OTF/Nippo-Regular.otf"; sourceTree = "<group>"; fileEncoding = undefined; lastKnownFileType = unknown; explicitFileType = undefined; includeInIndex = 0; };
		45825BD767DA41538B966A8D /* AntDesign.ttf */ = {isa = PBXFileReference; name = "AntDesign.ttf"; path = "../node_modules/react-native-vector-icons/Fonts/AntDesign.ttf"; sourceTree = "<group>"; fileEncoding = undefined; lastKnownFileType = unknown; explicitFileType = undefined; includeInIndex = 0; };
		69293001E8C341C69DDA353F /* Nippo-Medium.ttf */ = {isa = PBXFileReference; name = "Nippo-Medium.ttf"; path = "../assets/fonts/Nippo-Medium.ttf"; sourceTree = "<group>"; fileEncoding = undefined; lastKnownFileType = unknown; explicitFileType = undefined; includeInIndex = 0; };
		9E74B638340940CB969D5B39 /* Entypo.ttf */ = {isa = PBXFileReference; name = "Entypo.ttf"; path = "../node_modules/react-native-vector-icons/Fonts/Entypo.ttf"; sourceTree = "<group>"; fileEncoding = undefined; lastKnownFileType = unknown; explicitFileType = undefined; includeInIndex = 0; };
		7459439AA655470FA513D080 /* EvilIcons.ttf */ = {isa = PBXFileReference; name = "EvilIcons.ttf"; path = "../node_modules/react-native-vector-icons/Fonts/EvilIcons.ttf"; sourceTree = "<group>"; fileEncoding = undefined; lastKnownFileType = unknown; explicitFileType = undefined; includeInIndex = 0; };
		FAB13BB40C0545F7ADEDF75C /* Feather.ttf */ = {isa = PBXFileReference; name = "Feather.ttf"; path = "../node_modules/react-native-vector-icons/Fonts/Feather.ttf"; sourceTree = "<group>"; fileEncoding = undefined; lastKnownFileType = unknown; explicitFileType = undefined; includeInIndex = 0; };
		AEDBBB4E3C2D4A768A033680 /* FontAwesome.ttf */ = {isa = PBXFileReference; name = "FontAwesome.ttf"; path = "../node_modules/react-native-vector-icons/Fonts/FontAwesome.ttf"; sourceTree = "<group>"; fileEncoding = undefined; lastKnownFileType = unknown; explicitFileType = undefined; includeInIndex = 0; };
		23258E07B98946DFA4A5778C /* FontAwesome5_Brands.ttf */ = {isa = PBXFileReference; name = "FontAwesome5_Brands.ttf"; path = "../node_modules/react-native-vector-icons/Fonts/FontAwesome5_Brands.ttf"; sourceTree = "<group>"; fileEncoding = undefined; lastKnownFileType = unknown; explicitFileType = undefined; includeInIndex = 0; };
		37A400EC1D314C92B1204A0C /* FontAwesome5_Regular.ttf */ = {isa = PBXFileReference; name = "FontAwesome5_Regular.ttf"; path = "../node_modules/react-native-vector-icons/Fonts/FontAwesome5_Regular.ttf"; sourceTree = "<group>"; fileEncoding = undefined; lastKnownFileType = unknown; explicitFileType = undefined; includeInIndex = 0; };
		AFF2EAD3F43A4C628CDC08B8 /* FontAwesome5_Solid.ttf */ = {isa = PBXFileReference; name = "FontAwesome5_Solid.ttf"; path = "../node_modules/react-native-vector-icons/Fonts/FontAwesome5_Solid.ttf"; sourceTree = "<group>"; fileEncoding = undefined; lastKnownFileType = unknown; explicitFileType = undefined; includeInIndex = 0; };
		64673D81DC354F42AA017FB5 /* FontAwesome6_Brands.ttf */ = {isa = PBXFileReference; name = "FontAwesome6_Brands.ttf"; path = "../node_modules/react-native-vector-icons/Fonts/FontAwesome6_Brands.ttf"; sourceTree = "<group>"; fileEncoding = undefined; lastKnownFileType = unknown; explicitFileType = undefined; includeInIndex = 0; };
		9AA2F4D1CF7141C1BDAAB987 /* FontAwesome6_Regular.ttf */ = {isa = PBXFileReference; name = "FontAwesome6_Regular.ttf"; path = "../node_modules/react-native-vector-icons/Fonts/FontAwesome6_Regular.ttf"; sourceTree = "<group>"; fileEncoding = undefined; lastKnownFileType = unknown; explicitFileType = undefined; includeInIndex = 0; };
		8994E4C1A3594D31A688E260 /* Nippo-Variable.ttf */ = {isa = PBXFileReference; name = "Nippo-Variable.ttf"; path = "../assets/fonts/Nippo_Complete/Nippo_Complete/Fonts/WEB/fonts/Nippo-Variable.ttf"; sourceTree = "<group>"; fileEncoding = undefined; lastKnownFileType = unknown; explicitFileType = undefined; includeInIndex = 0; };
		7414BE7375D2419DB781BFA5 /* FontAwesome6_Solid.ttf */ = {isa = PBXFileReference; name = "FontAwesome6_Solid.ttf"; path = "../node_modules/react-native-vector-icons/Fonts/FontAwesome6_Solid.ttf"; sourceTree = "<group>"; fileEncoding = undefined; lastKnownFileType = unknown; explicitFileType = undefined; includeInIndex = 0; };
		7ED1EF3D933F4ABC9034DCB5 /* Fontisto.ttf */ = {isa = PBXFileReference; name = "Fontisto.ttf"; path = "../node_modules/react-native-vector-icons/Fonts/Fontisto.ttf"; sourceTree = "<group>"; fileEncoding = undefined; lastKnownFileType = unknown; explicitFileType = undefined; includeInIndex = 0; };
		33F1200E3E514B89977220E1 /* Nippo-Bold.ttf */ = {isa = PBXFileReference; name = "Nippo-Bold.ttf"; path = "../assets/fonts/Nippo_Complete/Nippo_Complete/Fonts/WEB/fonts/Nippo-Bold.ttf"; sourceTree = "<group>"; fileEncoding = undefined; lastKnownFileType = unknown; explicitFileType = undefined; includeInIndex = 0; };
		D7272492CF054247B4B6FDCC /* Foundation.ttf */ = {isa = PBXFileReference; name = "Foundation.ttf"; path = "../node_modules/react-native-vector-icons/Fonts/Foundation.ttf"; sourceTree = "<group>"; fileEncoding = undefined; lastKnownFileType = unknown; explicitFileType = undefined; includeInIndex = 0; };
		10BB81221F7E4545BF5A28CC /* Ionicons.ttf */ = {isa = PBXFileReference; name = "Ionicons.ttf"; path = "../node_modules/react-native-vector-icons/Fonts/Ionicons.ttf"; sourceTree = "<group>"; fileEncoding = undefined; lastKnownFileType = unknown; explicitFileType = undefined; includeInIndex = 0; };
		1A0F0802429942E38F1C301E /* Nippo-Extralight.ttf */ = {isa = PBXFileReference; name = "Nippo-Extralight.ttf"; path = "../assets/fonts/Nippo_Complete/Nippo_Complete/Fonts/WEB/fonts/Nippo-Extralight.ttf"; sourceTree = "<group>"; fileEncoding = undefined; lastKnownFileType = unknown; explicitFileType = undefined; includeInIndex = 0; };
		532AFBE9604C47AB98B5BB13 /* Nippo-Light.ttf */ = {isa = PBXFileReference; name = "Nippo-Light.ttf"; path = "../assets/fonts/Nippo_Complete/Nippo_Complete/Fonts/WEB/fonts/Nippo-Light.ttf"; sourceTree = "<group>"; fileEncoding = undefined; lastKnownFileType = unknown; explicitFileType = undefined; includeInIndex = 0; };
		687BAE985B8E4D049478D03E /* MaterialCommunityIcons.ttf */ = {isa = PBXFileReference; name = "MaterialCommunityIcons.ttf"; path = "../node_modules/react-native-vector-icons/Fonts/MaterialCommunityIcons.ttf"; sourceTree = "<group>"; fileEncoding = undefined; lastKnownFileType = unknown; explicitFileType = undefined; includeInIndex = 0; };
		2D370DB7C93944A1AB2EFC54 /* MaterialIcons.ttf */ = {isa = PBXFileReference; name = "MaterialIcons.ttf"; path = "../node_modules/react-native-vector-icons/Fonts/MaterialIcons.ttf"; sourceTree = "<group>"; fileEncoding = undefined; lastKnownFileType = unknown; explicitFileType = undefined; includeInIndex = 0; };
		DEC8CD99B3E44FA8841187F8 /* Nippo-Medium.ttf */ = {isa = PBXFileReference; name = "Nippo-Medium.ttf"; path = "../assets/fonts/Nippo_Complete/Nippo_Complete/Fonts/WEB/fonts/Nippo-Medium.ttf"; sourceTree = "<group>"; fileEncoding = undefined; lastKnownFileType = unknown; explicitFileType = undefined; includeInIndex = 0; };
		4368470CC7F849EDB591E3AA /* Octicons.ttf */ = {isa = PBXFileReference; name = "Octicons.ttf"; path = "../node_modules/react-native-vector-icons/Fonts/Octicons.ttf"; sourceTree = "<group>"; fileEncoding = undefined; lastKnownFileType = unknown; explicitFileType = undefined; includeInIndex = 0; };
		F18295DFD04D4400ABC7157D /* SimpleLineIcons.ttf */ = {isa = PBXFileReference; name = "SimpleLineIcons.ttf"; path = "../node_modules/react-native-vector-icons/Fonts/SimpleLineIcons.ttf"; sourceTree = "<group>"; fileEncoding = undefined; lastKnownFileType = unknown; explicitFileType = undefined; includeInIndex = 0; };
		3307CDC531F54758884C3703 /* Zocial.ttf */ = {isa = PBXFileReference; name = "Zocial.ttf"; path = "../node_modules/react-native-vector-icons/Fonts/Zocial.ttf"; sourceTree = "<group>"; fileEncoding = undefined; lastKnownFileType = unknown; explicitFileType = undefined; includeInIndex = 0; };
		5ACD93CF371E419A8AE098FA /* Nippo-Regular.ttf */ = {isa = PBXFileReference; name = "Nippo-Regular.ttf"; path = "../assets/fonts/Nippo_Complete/Nippo_Complete/Fonts/WEB/fonts/Nippo-Regular.ttf"; sourceTree = "<group>"; fileEncoding = undefined; lastKnownFileType = unknown; explicitFileType = undefined; includeInIndex = 0; };
		1CDF1E8164C24B018E98B05D /* nippo.css */ = {isa = PBXFileReference; name = "nippo.css"; path = "../assets/fonts/Nippo_Complete/Nippo_Complete/Fonts/WEB/css/nippo.css"; sourceTree = "<group>"; fileEncoding = undefined; lastKnownFileType = unknown; explicitFileType = undefined; includeInIndex = 0; };
		F9D4B081AEBE407080C1A9B5 /* Nippo-Bold.eot */ = {isa = PBXFileReference; name = "Nippo-Bold.eot"; path = "../assets/fonts/Nippo_Complete/Nippo_Complete/Fonts/WEB/fonts/Nippo-Bold.eot"; sourceTree = "<group>"; fileEncoding = undefined; lastKnownFileType = unknown; explicitFileType = undefined; includeInIndex = 0; };
		DA87AFD7D4E4420FBC84A8ED /* Nippo-Bold.woff */ = {isa = PBXFileReference; name = "Nippo-Bold.woff"; path = "../assets/fonts/Nippo_Complete/Nippo_Complete/Fonts/WEB/fonts/Nippo-Bold.woff"; sourceTree = "<group>"; fileEncoding = undefined; lastKnownFileType = unknown; explicitFileType = undefined; includeInIndex = 0; };
		13287EE23AAD435F857F826B /* Nippo-Bold.woff2 */ = {isa = PBXFileReference; name = "Nippo-Bold.woff2"; path = "../assets/fonts/Nippo_Complete/Nippo_Complete/Fonts/WEB/fonts/Nippo-Bold.woff2"; sourceTree = "<group>"; fileEncoding = undefined; lastKnownFileType = unknown; explicitFileType = undefined; includeInIndex = 0; };
		8C4B1E91D0584A3A9F5E57DC /* Nippo-Extralight.eot */ = {isa = PBXFileReference; name = "Nippo-Extralight.eot"; path = "../assets/fonts/Nippo_Complete/Nippo_Complete/Fonts/WEB/fonts/Nippo-Extralight.eot"; sourceTree = "<group>"; fileEncoding = undefined; lastKnownFileType = unknown; explicitFileType = undefined; includeInIndex = 0; };
		3F1907F7E5F8416997FD1C77 /* Nippo-Extralight.woff */ = {isa = PBXFileReference; name = "Nippo-Extralight.woff"; path = "../assets/fonts/Nippo_Complete/Nippo_Complete/Fonts/WEB/fonts/Nippo-Extralight.woff"; sourceTree = "<group>"; fileEncoding = undefined; lastKnownFileType = unknown; explicitFileType = undefined; includeInIndex = 0; };
		40C97382D5514D268C182654 /* Nippo-Extralight.woff2 */ = {isa = PBXFileReference; name = "Nippo-Extralight.woff2"; path = "../assets/fonts/Nippo_Complete/Nippo_Complete/Fonts/WEB/fonts/Nippo-Extralight.woff2"; sourceTree = "<group>"; fileEncoding = undefined; lastKnownFileType = unknown; explicitFileType = undefined; includeInIndex = 0; };
		4B415391A97D442E87793992 /* Nippo-Light.eot */ = {isa = PBXFileReference; name = "Nippo-Light.eot"; path = "../assets/fonts/Nippo_Complete/Nippo_Complete/Fonts/WEB/fonts/Nippo-Light.eot"; sourceTree = "<group>"; fileEncoding = undefined; lastKnownFileType = unknown; explicitFileType = undefined; includeInIndex = 0; };
		4599CFB047324080A4B6904B /* Nippo-Light.woff */ = {isa = PBXFileReference; name = "Nippo-Light.woff"; path = "../assets/fonts/Nippo_Complete/Nippo_Complete/Fonts/WEB/fonts/Nippo-Light.woff"; sourceTree = "<group>"; fileEncoding = undefined; lastKnownFileType = unknown; explicitFileType = undefined; includeInIndex = 0; };
		10548B30F29A4351807C5F80 /* Nippo-Light.woff2 */ = {isa = PBXFileReference; name = "Nippo-Light.woff2"; path = "../assets/fonts/Nippo_Complete/Nippo_Complete/Fonts/WEB/fonts/Nippo-Light.woff2"; sourceTree = "<group>"; fileEncoding = undefined; lastKnownFileType = unknown; explicitFileType = undefined; includeInIndex = 0; };
		A17E4E0D0B2048EEB0D7F047 /* Nippo-Medium.eot */ = {isa = PBXFileReference; name = "Nippo-Medium.eot"; path = "../assets/fonts/Nippo_Complete/Nippo_Complete/Fonts/WEB/fonts/Nippo-Medium.eot"; sourceTree = "<group>"; fileEncoding = undefined; lastKnownFileType = unknown; explicitFileType = undefined; includeInIndex = 0; };
		771E447042FB48D8ACCF372B /* Nippo-Medium.woff */ = {isa = PBXFileReference; name = "Nippo-Medium.woff"; path = "../assets/fonts/Nippo_Complete/Nippo_Complete/Fonts/WEB/fonts/Nippo-Medium.woff"; sourceTree = "<group>"; fileEncoding = undefined; lastKnownFileType = unknown; explicitFileType = undefined; includeInIndex = 0; };
		A0A773116E07494DBB2AFD03 /* Nippo-Medium.woff2 */ = {isa = PBXFileReference; name = "Nippo-Medium.woff2"; path = "../assets/fonts/Nippo_Complete/Nippo_Complete/Fonts/WEB/fonts/Nippo-Medium.woff2"; sourceTree = "<group>"; fileEncoding = undefined; lastKnownFileType = unknown; explicitFileType = undefined; includeInIndex = 0; };
		6B051AA759EF4CD380B200B4 /* Nippo-Regular.eot */ = {isa = PBXFileReference; name = "Nippo-Regular.eot"; path = "../assets/fonts/Nippo_Complete/Nippo_Complete/Fonts/WEB/fonts/Nippo-Regular.eot"; sourceTree = "<group>"; fileEncoding = undefined; lastKnownFileType = unknown; explicitFileType = undefined; includeInIndex = 0; };
		CC5FF12AC7994DF894256DC8 /* Nippo-Regular.woff */ = {isa = PBXFileReference; name = "Nippo-Regular.woff"; path = "../assets/fonts/Nippo_Complete/Nippo_Complete/Fonts/WEB/fonts/Nippo-Regular.woff"; sourceTree = "<group>"; fileEncoding = undefined; lastKnownFileType = unknown; explicitFileType = undefined; includeInIndex = 0; };
		E584ABFFC7604AE1847ED94C /* Nippo-Regular.woff2 */ = {isa = PBXFileReference; name = "Nippo-Regular.woff2"; path = "../assets/fonts/Nippo_Complete/Nippo_Complete/Fonts/WEB/fonts/Nippo-Regular.woff2"; sourceTree = "<group>"; fileEncoding = undefined; lastKnownFileType = unknown; explicitFileType = undefined; includeInIndex = 0; };
		F5FC6E711BD24F28934FF878 /* Nippo-Variable.eot */ = {isa = PBXFileReference; name = "Nippo-Variable.eot"; path = "../assets/fonts/Nippo_Complete/Nippo_Complete/Fonts/WEB/fonts/Nippo-Variable.eot"; sourceTree = "<group>"; fileEncoding = undefined; lastKnownFileType = unknown; explicitFileType = undefined; includeInIndex = 0; };
		9252C2BD83514DD698A72E9D /* Nippo-Variable.woff */ = {isa = PBXFileReference; name = "Nippo-Variable.woff"; path = "../assets/fonts/Nippo_Complete/Nippo_Complete/Fonts/WEB/fonts/Nippo-Variable.woff"; sourceTree = "<group>"; fileEncoding = undefined; lastKnownFileType = unknown; explicitFileType = undefined; includeInIndex = 0; };
		9EC79E1BACC244339DAECD56 /* Nippo-Variable.woff2 */ = {isa = PBXFileReference; name = "Nippo-Variable.woff2"; path = "../assets/fonts/Nippo_Complete/Nippo_Complete/Fonts/WEB/fonts/Nippo-Variable.woff2"; sourceTree = "<group>"; fileEncoding = undefined; lastKnownFileType = unknown; explicitFileType = undefined; includeInIndex = 0; };
		98DCDF0DA6814C9CA9C65196 /* README.md */ = {isa = PBXFileReference; name = "README.md"; path = "../assets/fonts/Nippo_Complete/Nippo_Complete/Fonts/WEB/README.md"; sourceTree = "<group>"; fileEncoding = undefined; lastKnownFileType = unknown; explicitFileType = undefined; includeInIndex = 0; };
		9F39AB16615F489F9039EC02 /* FFL.txt */ = {isa = PBXFileReference; name = "FFL.txt"; path = "../assets/fonts/Nippo_Complete/Nippo_Complete/License/FFL.txt"; sourceTree = "<group>"; fileEncoding = undefined; lastKnownFileType = unknown; explicitFileType = undefined; includeInIndex = 0; };
/* End PBXFileReference section */

/* Begin PBXFrameworksBuildPhase section */
		13B07F8C1A680F5B00A75B9A /* Frameworks */ = {
			isa = PBXFrameworksBuildPhase;
			buildActionMask = 2147483647;
			files = (
				0C80B921A6F3F58F76C31292 /* libPods-MyStore.a in Frameworks */,
			);
			runOnlyForDeploymentPostprocessing = 0;
		};
/* End PBXFrameworksBuildPhase section */

/* Begin PBXGroup section */
		13B07FAE1A68108700A75B9A /* MyStore */ = {
			isa = PBXGroup;
			children = (
				13B07FB51A68108700A75B9A /* Images.xcassets */,
				761780EC2CA45674006654EE /* AppDelegate.swift */,
				13B07FB61A68108700A75B9A /* Info.plist */,
				81AB9BB72411601600AC10FF /* LaunchScreen.storyboard */,
				13B07FB81A68108700A75B9A /* PrivacyInfo.xcprivacy */,
			);
			name = MyStore;
			sourceTree = "<group>";
		};
		2D16E6871FA4F8E400B85C8A /* Frameworks */ = {
			isa = PBXGroup;
			children = (
				ED297162215061F231512B7C4FE /* JavaScriptCore.framework */,
				5DCACB8F33CDC322A6C60F78 /* libPods-MyStore.a */,
			);
			name = Frameworks;
			sourceTree = "<group>";
		};
		832341AE1AAA6A7D00B99B32 /* Libraries */ = {
			isa = PBXGroup;
			children = (
			);
			name = Libraries;
			sourceTree = "<group>";
		};
		83CBB9F61A601CBA00E9B192 = {
			isa = PBXGroup;
			children = (
				13B07FAE1A68108700A75B9A /* MyStore */,
				832341AE1AAA6A7D00B99B32 /* Libraries */,
				83CBBA001A601CBA00E9B192 /* Products */,
				2D16E6871FA4F8E400B85C8A /* Frameworks */,
				BBD78D7AC51CEA395F1C20DB /* Pods */,
				89FDCEF7BF1041E9B63D502B /* Resources */,
			);
			indentWidth = 2;
			sourceTree = "<group>";
			tabWidth = 2;
			usesTabs = 0;
		};
		83CBBA001A601CBA00E9B192 /* Products */ = {
			isa = PBXGroup;
			children = (
				13B07F961A680F5B00A75B9A /* MyStore.app */,
			);
			name = Products;
			sourceTree = "<group>";
		};
		BBD78D7AC51CEA395F1C20DB /* Pods */ = {
			isa = PBXGroup;
			children = (
				3B4392A12AC88292D35C810B /* Pods-MyStore.debug.xcconfig */,
				5709B34CF0A7D63546082F79 /* Pods-MyStore.release.xcconfig */,
			);
			path = Pods;
			sourceTree = "<group>";
		};
		89FDCEF7BF1041E9B63D502B /* Resources */ = {
			isa = "PBXGroup";
			children = (
				A41046DB9DF248EC82C08CB0 /* Nippo-Bold.otf */,
				4BAAED9DC3704ED8A3AEBEDA /* Nippo-Extralight.otf */,
				C31F9582C2964A68897A18AA /* Nippo-Light.otf */,
				8FD5484EF1C3474D98E393E2 /* Nippo-Medium.otf */,
				7BC05236A03B4A81BAC08A2F /* Nippo-Regular.otf */,
				45825BD767DA41538B966A8D /* AntDesign.ttf */,
				69293001E8C341C69DDA353F /* Nippo-Medium.ttf */,
				9E74B638340940CB969D5B39 /* Entypo.ttf */,
				7459439AA655470FA513D080 /* EvilIcons.ttf */,
				FAB13BB40C0545F7ADEDF75C /* Feather.ttf */,
				AEDBBB4E3C2D4A768A033680 /* FontAwesome.ttf */,
				23258E07B98946DFA4A5778C /* FontAwesome5_Brands.ttf */,
				37A400EC1D314C92B1204A0C /* FontAwesome5_Regular.ttf */,
				AFF2EAD3F43A4C628CDC08B8 /* FontAwesome5_Solid.ttf */,
				64673D81DC354F42AA017FB5 /* FontAwesome6_Brands.ttf */,
				9AA2F4D1CF7141C1BDAAB987 /* FontAwesome6_Regular.ttf */,
				8994E4C1A3594D31A688E260 /* Nippo-Variable.ttf */,
				7414BE7375D2419DB781BFA5 /* FontAwesome6_Solid.ttf */,
				7ED1EF3D933F4ABC9034DCB5 /* Fontisto.ttf */,
				33F1200E3E514B89977220E1 /* Nippo-Bold.ttf */,
				D7272492CF054247B4B6FDCC /* Foundation.ttf */,
				10BB81221F7E4545BF5A28CC /* Ionicons.ttf */,
				1A0F0802429942E38F1C301E /* Nippo-Extralight.ttf */,
				532AFBE9604C47AB98B5BB13 /* Nippo-Light.ttf */,
				687BAE985B8E4D049478D03E /* MaterialCommunityIcons.ttf */,
				2D370DB7C93944A1AB2EFC54 /* MaterialIcons.ttf */,
				DEC8CD99B3E44FA8841187F8 /* Nippo-Medium.ttf */,
				4368470CC7F849EDB591E3AA /* Octicons.ttf */,
				F18295DFD04D4400ABC7157D /* SimpleLineIcons.ttf */,
				3307CDC531F54758884C3703 /* Zocial.ttf */,
				5ACD93CF371E419A8AE098FA /* Nippo-Regular.ttf */,
				1CDF1E8164C24B018E98B05D /* nippo.css */,
				F9D4B081AEBE407080C1A9B5 /* Nippo-Bold.eot */,
				DA87AFD7D4E4420FBC84A8ED /* Nippo-Bold.woff */,
				13287EE23AAD435F857F826B /* Nippo-Bold.woff2 */,
				8C4B1E91D0584A3A9F5E57DC /* Nippo-Extralight.eot */,
				3F1907F7E5F8416997FD1C77 /* Nippo-Extralight.woff */,
				40C97382D5514D268C182654 /* Nippo-Extralight.woff2 */,
				4B415391A97D442E87793992 /* Nippo-Light.eot */,
				4599CFB047324080A4B6904B /* Nippo-Light.woff */,
				10548B30F29A4351807C5F80 /* Nippo-Light.woff2 */,
				A17E4E0D0B2048EEB0D7F047 /* Nippo-Medium.eot */,
				771E447042FB48D8ACCF372B /* Nippo-Medium.woff */,
				A0A773116E07494DBB2AFD03 /* Nippo-Medium.woff2 */,
				6B051AA759EF4CD380B200B4 /* Nippo-Regular.eot */,
				CC5FF12AC7994DF894256DC8 /* Nippo-Regular.woff */,
				E584ABFFC7604AE1847ED94C /* Nippo-Regular.woff2 */,
				F5FC6E711BD24F28934FF878 /* Nippo-Variable.eot */,
				9252C2BD83514DD698A72E9D /* Nippo-Variable.woff */,
				9EC79E1BACC244339DAECD56 /* Nippo-Variable.woff2 */,
				98DCDF0DA6814C9CA9C65196 /* README.md */,
				9F39AB16615F489F9039EC02 /* FFL.txt */,
			);
			name = Resources;
			sourceTree = "<group>";
			path = "";
		};
/* End PBXGroup section */

/* Begin PBXNativeTarget section */
		13B07F861A680F5B00A75B9A /* MyStore */ = {
			isa = PBXNativeTarget;
			buildConfigurationList = 13B07F931A680F5B00A75B9A /* Build configuration list for PBXNativeTarget "MyStore" */;
			buildPhases = (
				C38B50BA6285516D6DCD4F65 /* [CP] Check Pods Manifest.lock */,
				13B07F871A680F5B00A75B9A /* Sources */,
				13B07F8C1A680F5B00A75B9A /* Frameworks */,
				13B07F8E1A680F5B00A75B9A /* Resources */,
				00DD1BFF1BD5951E006B06BC /* Bundle React Native code and images */,
				00EEFC60759A1932668264C0 /* [CP] Embed Pods Frameworks */,
				E235C05ADACE081382539298 /* [CP] Copy Pods Resources */,
			);
			buildRules = (
			);
			dependencies = (
			);
			name = MyStore;
			productName = MyStore;
			productReference = 13B07F961A680F5B00A75B9A /* MyStore.app */;
			productType = "com.apple.product-type.application";
		};
/* End PBXNativeTarget section */

/* Begin PBXProject section */
		83CBB9F71A601CBA00E9B192 /* Project object */ = {
			isa = PBXProject;
			attributes = {
				LastUpgradeCheck = 1210;
				TargetAttributes = {
					13B07F861A680F5B00A75B9A = {
						LastSwiftMigration = 1120;
					};
				};
			};
			buildConfigurationList = 83CBB9FA1A601CBA00E9B192 /* Build configuration list for PBXProject "MyStore" */;
			compatibilityVersion = "Xcode 12.0";
			developmentRegion = en;
			hasScannedForEncodings = 0;
			knownRegions = (
				en,
				Base,
			);
			mainGroup = 83CBB9F61A601CBA00E9B192;
			productRefGroup = 83CBBA001A601CBA00E9B192 /* Products */;
			projectDirPath = "";
			projectRoot = "";
			targets = (
				13B07F861A680F5B00A75B9A /* MyStore */,
			);
		};
/* End PBXProject section */

/* Begin PBXResourcesBuildPhase section */
		13B07F8E1A680F5B00A75B9A /* Resources */ = {
			isa = PBXResourcesBuildPhase;
			buildActionMask = 2147483647;
			files = (
				81AB9BB82411601600AC10FF /* LaunchScreen.storyboard in Resources */,
				13B07FBF1A68108700A75B9A /* Images.xcassets in Resources */,
				A96E28AF0FBF4401B0C4A84F /* Nippo-Bold.otf in Resources */,
				EA4C170E9D7E49498D6F4622 /* Nippo-Extralight.otf in Resources */,
				922188DC5D5E4D92921A41C0 /* Nippo-Light.otf in Resources */,
				85CD5971CA3246ABAFDB8814 /* Nippo-Medium.otf in Resources */,
				DEBD7E2464034D0A8EAF263D /* Nippo-Regular.otf in Resources */,
				4584BDD179EF4F128B3F2286 /* AntDesign.ttf in Resources */,
				5BBF1F823ACA431A94813099 /* Nippo-Medium.ttf in Resources */,
				633E9C2E8BE5439AB9B66BA3 /* Entypo.ttf in Resources */,
				AEBF8DFA85374D99ADE70F9A /* EvilIcons.ttf in Resources */,
				BF39687E39324FCCBE134C86 /* Feather.ttf in Resources */,
				13D01517F941420F97D022A1 /* FontAwesome.ttf in Resources */,
				19F118B2A8E84BA09A53D10F /* FontAwesome5_Brands.ttf in Resources */,
				2D7AE89BA53C4C9E806D7F12 /* FontAwesome5_Regular.ttf in Resources */,
				3AB45DB0F7B2420AA01DE2D4 /* FontAwesome5_Solid.ttf in Resources */,
				A1E4A9B261A64D5B94F38C4A /* FontAwesome6_Brands.ttf in Resources */,
				7FDFEF37BB2D42C29CCEDB67 /* FontAwesome6_Regular.ttf in Resources */,
				973FB45917E140A9BFA72A9F /* Nippo-Variable.ttf in Resources */,
				55E2FD53875E4D2084AF1E3B /* FontAwesome6_Solid.ttf in Resources */,
				BF3BC93D3A19437CB366B5BF /* Fontisto.ttf in Resources */,
				0F593C3C648E426C9C3EFADC /* Nippo-Bold.ttf in Resources */,
				C796C6AF1CC5431BBE81D96E /* Foundation.ttf in Resources */,
				10BA526358274CE69FF1CFDC /* Ionicons.ttf in Resources */,
				D8AF8A880E254D778265186A /* Nippo-Extralight.ttf in Resources */,
				53CFAC10EBBF4332ABEE88A8 /* Nippo-Light.ttf in Resources */,
				4C8E1365B7F645DCB1233D18 /* MaterialCommunityIcons.ttf in Resources */,
				E3641CF6414F44A08CC0B41E /* MaterialIcons.ttf in Resources */,
				4D3B6DD6719242F9B5E92E3D /* Nippo-Medium.ttf in Resources */,
				FB501AD4B93C4F739EAC3137 /* Octicons.ttf in Resources */,
				639FE49897F14291B509E641 /* SimpleLineIcons.ttf in Resources */,
				98F1D45687834BA595F10E6C /* Zocial.ttf in Resources */,
				41D86DD8DCF44D1AA4846094 /* Nippo-Regular.ttf in Resources */,
				7993E3DB03E340D5A6F18E36 /* nippo.css in Resources */,
				D321A55653E243DABEF11CDD /* Nippo-Bold.eot in Resources */,
				F69CEBAB806C472B8C228715 /* Nippo-Bold.woff in Resources */,
				1D57F443B6484580A5F06F77 /* Nippo-Bold.woff2 in Resources */,
				52EA3098ECBB43B49CBF06D3 /* Nippo-Extralight.eot in Resources */,
				FB8428DF314D43A6BE753471 /* Nippo-Extralight.woff in Resources */,
				1221EA43F3B24FDE84053A07 /* Nippo-Extralight.woff2 in Resources */,
				46FFD2F3D14042748A99F30F /* Nippo-Light.eot in Resources */,
				3E5B33E7812043BAB63627AD /* Nippo-Light.woff in Resources */,
				31D63C83DA3C478FAD66F868 /* Nippo-Light.woff2 in Resources */,
				87E1E1DA05E043C982A322C4 /* Nippo-Medium.eot in Resources */,
				58BC1EC5820B4AE391F1116B /* Nippo-Medium.woff in Resources */,
				5564F021ECD34281B9866E52 /* Nippo-Medium.woff2 in Resources */,
				F4A7417A60A244BF98C604CE /* Nippo-Regular.eot in Resources */,
				E0BA702EF0CB4CADB0AEC360 /* Nippo-Regular.woff in Resources */,
				9A21127D05C2482494858671 /* Nippo-Regular.woff2 in Resources */,
				E5544E015FE44587AD1009C8 /* Nippo-Variable.eot in Resources */,
				07D240C12B114D47AEB4A61C /* Nippo-Variable.woff in Resources */,
				08459FAE3EF54D47893460C3 /* Nippo-Variable.woff2 in Resources */,
				C1B8AE488E1242FDA9EBB3AF /* README.md in Resources */,
				3181A28015044305BBE4A7CA /* FFL.txt in Resources */,
			);
			runOnlyForDeploymentPostprocessing = 0;
		};
/* End PBXResourcesBuildPhase section */

/* Begin PBXShellScriptBuildPhase section */
		00DD1BFF1BD5951E006B06BC /* Bundle React Native code and images */ = {
			isa = PBXShellScriptBuildPhase;
			buildActionMask = 2147483647;
			files = (
			);
			inputPaths = (
				"$(SRCROOT)/.xcode.env.local",
				"$(SRCROOT)/.xcode.env",
			);
			name = "Bundle React Native code and images";
			outputPaths = (
			);
			runOnlyForDeploymentPostprocessing = 0;
			shellPath = /bin/sh;
			shellScript = "set -e\n\nWITH_ENVIRONMENT=\"$REACT_NATIVE_PATH/scripts/xcode/with-environment.sh\"\nREACT_NATIVE_XCODE=\"$REACT_NATIVE_PATH/scripts/react-native-xcode.sh\"\n\n/bin/sh -c \"\\\"$WITH_ENVIRONMENT\\\" \\\"$REACT_NATIVE_XCODE\\\"\"\n";
		};
		00EEFC60759A1932668264C0 /* [CP] Embed Pods Frameworks */ = {
			isa = PBXShellScriptBuildPhase;
			buildActionMask = 2147483647;
			files = (
			);
			inputFileListPaths = (
				"${PODS_ROOT}/Target Support Files/Pods-MyStore/Pods-MyStore-frameworks-${CONFIGURATION}-input-files.xcfilelist",
			);
			name = "[CP] Embed Pods Frameworks";
			outputFileListPaths = (
				"${PODS_ROOT}/Target Support Files/Pods-MyStore/Pods-MyStore-frameworks-${CONFIGURATION}-output-files.xcfilelist",
			);
			runOnlyForDeploymentPostprocessing = 0;
			shellPath = /bin/sh;
			shellScript = "\"${PODS_ROOT}/Target Support Files/Pods-MyStore/Pods-MyStore-frameworks.sh\"\n";
			showEnvVarsInLog = 0;
		};
		C38B50BA6285516D6DCD4F65 /* [CP] Check Pods Manifest.lock */ = {
			isa = PBXShellScriptBuildPhase;
			buildActionMask = 2147483647;
			files = (
			);
			inputFileListPaths = (
			);
			inputPaths = (
				"${PODS_PODFILE_DIR_PATH}/Podfile.lock",
				"${PODS_ROOT}/Manifest.lock",
			);
			name = "[CP] Check Pods Manifest.lock";
			outputFileListPaths = (
			);
			outputPaths = (
				"$(DERIVED_FILE_DIR)/Pods-MyStore-checkManifestLockResult.txt",
			);
			runOnlyForDeploymentPostprocessing = 0;
			shellPath = /bin/sh;
			shellScript = "diff \"${PODS_PODFILE_DIR_PATH}/Podfile.lock\" \"${PODS_ROOT}/Manifest.lock\" > /dev/null\nif [ $? != 0 ] ; then\n    # print error to STDERR\n    echo \"error: The sandbox is not in sync with the Podfile.lock. Run 'pod install' or update your CocoaPods installation.\" >&2\n    exit 1\nfi\n# This output is used by Xcode 'outputs' to avoid re-running this script phase.\necho \"SUCCESS\" > \"${SCRIPT_OUTPUT_FILE_0}\"\n";
			showEnvVarsInLog = 0;
		};
		E235C05ADACE081382539298 /* [CP] Copy Pods Resources */ = {
			isa = PBXShellScriptBuildPhase;
			buildActionMask = 2147483647;
			files = (
			);
			inputFileListPaths = (
				"${PODS_ROOT}/Target Support Files/Pods-MyStore/Pods-MyStore-resources-${CONFIGURATION}-input-files.xcfilelist",
			);
			name = "[CP] Copy Pods Resources";
			outputFileListPaths = (
				"${PODS_ROOT}/Target Support Files/Pods-MyStore/Pods-MyStore-resources-${CONFIGURATION}-output-files.xcfilelist",
			);
			runOnlyForDeploymentPostprocessing = 0;
			shellPath = /bin/sh;
			shellScript = "\"${PODS_ROOT}/Target Support Files/Pods-MyStore/Pods-MyStore-resources.sh\"\n";
			showEnvVarsInLog = 0;
		};
/* End PBXShellScriptBuildPhase section */

/* Begin PBXSourcesBuildPhase section */
		13B07F871A680F5B00A75B9A /* Sources */ = {
			isa = PBXSourcesBuildPhase;
			buildActionMask = 2147483647;
			files = (
				761780ED2CA45674006654EE /* AppDelegate.swift in Sources */,
			);
			runOnlyForDeploymentPostprocessing = 0;
		};
/* End PBXSourcesBuildPhase section */

/* Begin XCBuildConfiguration section */
		13B07F941A680F5B00A75B9A /* Debug */ = {
			isa = XCBuildConfiguration;
			baseConfigurationReference = 3B4392A12AC88292D35C810B /* Pods-MyStore.debug.xcconfig */;
			buildSettings = {
				ASSETCATALOG_COMPILER_APPICON_NAME = AppIcon;
				CLANG_ENABLE_MODULES = YES;
				CURRENT_PROJECT_VERSION = 1;
				ENABLE_BITCODE = NO;
				INFOPLIST_FILE = MyStore/Info.plist;
				IPHONEOS_DEPLOYMENT_TARGET = 15.1;
				LD_RUNPATH_SEARCH_PATHS = (
					"$(inherited)",
					"@executable_path/Frameworks",
				);
				MARKETING_VERSION = 1.0;
				OTHER_LDFLAGS = (
					"$(inherited)",
					"-ObjC",
					"-lc++",
				);
				PRODUCT_BUNDLE_IDENTIFIER = "org.reactjs.native.example.$(PRODUCT_NAME:rfc1034identifier)";
				PRODUCT_NAME = MyStore;
				SUPPORTED_PLATFORMS = "iphoneos iphonesimulator";
				SWIFT_OPTIMIZATION_LEVEL = "-Onone";
				SWIFT_VERSION = 5.0;
				TARGETED_DEVICE_FAMILY = "1,2";
				VERSIONING_SYSTEM = "apple-generic";
			};
			name = Debug;
		};
		13B07F951A680F5B00A75B9A /* Release */ = {
			isa = XCBuildConfiguration;
			baseConfigurationReference = 5709B34CF0A7D63546082F79 /* Pods-MyStore.release.xcconfig */;
			buildSettings = {
				ASSETCATALOG_COMPILER_APPICON_NAME = AppIcon;
				CLANG_ENABLE_MODULES = YES;
				CURRENT_PROJECT_VERSION = 1;
				INFOPLIST_FILE = MyStore/Info.plist;
				IPHONEOS_DEPLOYMENT_TARGET = 15.1;
				LD_RUNPATH_SEARCH_PATHS = (
					"$(inherited)",
					"@executable_path/Frameworks",
				);
				MARKETING_VERSION = 1.0;
				OTHER_LDFLAGS = (
					"$(inherited)",
					"-ObjC",
					"-lc++",
				);
				PRODUCT_BUNDLE_IDENTIFIER = "org.reactjs.native.example.$(PRODUCT_NAME:rfc1034identifier)";
				PRODUCT_NAME = MyStore;
				SUPPORTED_PLATFORMS = "iphoneos iphonesimulator";
				SWIFT_VERSION = 5.0;
				TARGETED_DEVICE_FAMILY = "1,2";
				VERSIONING_SYSTEM = "apple-generic";
			};
			name = Release;
		};
		83CBBA201A601CBA00E9B192 /* Debug */ = {
			isa = XCBuildConfiguration;
			buildSettings = {
				ALWAYS_SEARCH_USER_PATHS = NO;
				CLANG_ANALYZER_LOCALIZABILITY_NONLOCALIZED = YES;
				CLANG_CXX_LANGUAGE_STANDARD = "c++20";
				CLANG_CXX_LIBRARY = "libc++";
				CLANG_ENABLE_MODULES = YES;
				CLANG_ENABLE_OBJC_ARC = YES;
				CLANG_WARN_BLOCK_CAPTURE_AUTORELEASING = YES;
				CLANG_WARN_BOOL_CONVERSION = YES;
				CLANG_WARN_COMMA = YES;
				CLANG_WARN_CONSTANT_CONVERSION = YES;
				CLANG_WARN_DEPRECATED_OBJC_IMPLEMENTATIONS = YES;
				CLANG_WARN_DIRECT_OBJC_ISA_USAGE = YES_ERROR;
				CLANG_WARN_EMPTY_BODY = YES;
				CLANG_WARN_ENUM_CONVERSION = YES;
				CLANG_WARN_INFINITE_RECURSION = YES;
				CLANG_WARN_INT_CONVERSION = YES;
				CLANG_WARN_NON_LITERAL_NULL_CONVERSION = YES;
				CLANG_WARN_OBJC_IMPLICIT_RETAIN_SELF = YES;
				CLANG_WARN_OBJC_LITERAL_CONVERSION = YES;
				CLANG_WARN_OBJC_ROOT_CLASS = YES_ERROR;
				CLANG_WARN_QUOTED_INCLUDE_IN_FRAMEWORK_HEADER = YES;
				CLANG_WARN_RANGE_LOOP_ANALYSIS = YES;
				CLANG_WARN_STRICT_PROTOTYPES = YES;
				CLANG_WARN_SUSPICIOUS_MOVE = YES;
				CLANG_WARN_UNREACHABLE_CODE = YES;
				CLANG_WARN__DUPLICATE_METHOD_MATCH = YES;
				"CODE_SIGN_IDENTITY[sdk=iphoneos*]" = "iPhone Developer";
				COPY_PHASE_STRIP = NO;
				ENABLE_STRICT_OBJC_MSGSEND = YES;
				ENABLE_TESTABILITY = YES;
				"EXCLUDED_ARCHS[sdk=iphonesimulator*]" = "";
				GCC_C_LANGUAGE_STANDARD = gnu99;
				GCC_DYNAMIC_NO_PIC = NO;
				GCC_NO_COMMON_BLOCKS = YES;
				GCC_OPTIMIZATION_LEVEL = 0;
				GCC_PREPROCESSOR_DEFINITIONS = (
					"DEBUG=1",
					"$(inherited)",
				);
				GCC_SYMBOLS_PRIVATE_EXTERN = NO;
				GCC_WARN_64_TO_32_BIT_CONVERSION = YES;
				GCC_WARN_ABOUT_RETURN_TYPE = YES_ERROR;
				GCC_WARN_UNDECLARED_SELECTOR = YES;
				GCC_WARN_UNINITIALIZED_AUTOS = YES_AGGRESSIVE;
				GCC_WARN_UNUSED_FUNCTION = YES;
				GCC_WARN_UNUSED_VARIABLE = YES;
				IPHONEOS_DEPLOYMENT_TARGET = 15.1;
				LD_RUNPATH_SEARCH_PATHS = (
					/usr/lib/swift,
					"$(inherited)",
				);
				LIBRARY_SEARCH_PATHS = (
					"\"$(SDKROOT)/usr/lib/swift\"",
					"\"$(TOOLCHAIN_DIR)/usr/lib/swift/$(PLATFORM_NAME)\"",
					"\"$(inherited)\"",
				);
				MTL_ENABLE_DEBUG_INFO = YES;
				ONLY_ACTIVE_ARCH = YES;
				OTHER_CPLUSPLUSFLAGS = (
					"$(OTHER_CFLAGS)",
					"-DFOLLY_NO_CONFIG",
					"-DFOLLY_MOBILE=1",
					"-DFOLLY_USE_LIBCPP=1",
					"-DFOLLY_CFG_NO_COROUTINES=1",
					"-DFOLLY_HAVE_CLOCK_GETTIME=1",
				);
				SDKROOT = iphoneos;
			};
			name = Debug;
		};
		83CBBA211A601CBA00E9B192 /* Release */ = {
			isa = XCBuildConfiguration;
			buildSettings = {
				ALWAYS_SEARCH_USER_PATHS = NO;
				CLANG_ANALYZER_LOCALIZABILITY_NONLOCALIZED = YES;
				CLANG_CXX_LANGUAGE_STANDARD = "c++20";
				CLANG_CXX_LIBRARY = "libc++";
				CLANG_ENABLE_MODULES = YES;
				CLANG_ENABLE_OBJC_ARC = YES;
				CLANG_WARN_BLOCK_CAPTURE_AUTORELEASING = YES;
				CLANG_WARN_BOOL_CONVERSION = YES;
				CLANG_WARN_COMMA = YES;
				CLANG_WARN_CONSTANT_CONVERSION = YES;
				CLANG_WARN_DEPRECATED_OBJC_IMPLEMENTATIONS = YES;
				CLANG_WARN_DIRECT_OBJC_ISA_USAGE = YES_ERROR;
				CLANG_WARN_EMPTY_BODY = YES;
				CLANG_WARN_ENUM_CONVERSION = YES;
				CLANG_WARN_INFINITE_RECURSION = YES;
				CLANG_WARN_INT_CONVERSION = YES;
				CLANG_WARN_NON_LITERAL_NULL_CONVERSION = YES;
				CLANG_WARN_OBJC_IMPLICIT_RETAIN_SELF = YES;
				CLANG_WARN_OBJC_LITERAL_CONVERSION = YES;
				CLANG_WARN_OBJC_ROOT_CLASS = YES_ERROR;
				CLANG_WARN_QUOTED_INCLUDE_IN_FRAMEWORK_HEADER = YES;
				CLANG_WARN_RANGE_LOOP_ANALYSIS = YES;
				CLANG_WARN_STRICT_PROTOTYPES = YES;
				CLANG_WARN_SUSPICIOUS_MOVE = YES;
				CLANG_WARN_UNREACHABLE_CODE = YES;
				CLANG_WARN__DUPLICATE_METHOD_MATCH = YES;
				"CODE_SIGN_IDENTITY[sdk=iphoneos*]" = "iPhone Developer";
				COPY_PHASE_STRIP = YES;
				ENABLE_NS_ASSERTIONS = NO;
				ENABLE_STRICT_OBJC_MSGSEND = YES;
				"EXCLUDED_ARCHS[sdk=iphonesimulator*]" = "";
				GCC_C_LANGUAGE_STANDARD = gnu99;
				GCC_NO_COMMON_BLOCKS = YES;
				GCC_WARN_64_TO_32_BIT_CONVERSION = YES;
				GCC_WARN_ABOUT_RETURN_TYPE = YES_ERROR;
				GCC_WARN_UNDECLARED_SELECTOR = YES;
				GCC_WARN_UNINITIALIZED_AUTOS = YES_AGGRESSIVE;
				GCC_WARN_UNUSED_FUNCTION = YES;
				GCC_WARN_UNUSED_VARIABLE = YES;
				IPHONEOS_DEPLOYMENT_TARGET = 15.1;
				LD_RUNPATH_SEARCH_PATHS = (
					/usr/lib/swift,
					"$(inherited)",
				);
				LIBRARY_SEARCH_PATHS = (
					"\"$(SDKROOT)/usr/lib/swift\"",
					"\"$(TOOLCHAIN_DIR)/usr/lib/swift/$(PLATFORM_NAME)\"",
					"\"$(inherited)\"",
				);
				MTL_ENABLE_DEBUG_INFO = NO;
				OTHER_CPLUSPLUSFLAGS = (
					"$(OTHER_CFLAGS)",
					"-DFOLLY_NO_CONFIG",
					"-DFOLLY_MOBILE=1",
					"-DFOLLY_USE_LIBCPP=1",
					"-DFOLLY_CFG_NO_COROUTINES=1",
					"-DFOLLY_HAVE_CLOCK_GETTIME=1",
				);
				SDKROOT = iphoneos;
				VALIDATE_PRODUCT = YES;
			};
			name = Release;
		};
/* End XCBuildConfiguration section */

/* Begin XCConfigurationList section */
		13B07F931A680F5B00A75B9A /* Build configuration list for PBXNativeTarget "MyStore" */ = {
			isa = XCConfigurationList;
			buildConfigurations = (
				13B07F941A680F5B00A75B9A /* Debug */,
				13B07F951A680F5B00A75B9A /* Release */,
			);
			defaultConfigurationIsVisible = 0;
			defaultConfigurationName = Release;
		};
		83CBB9FA1A601CBA00E9B192 /* Build configuration list for PBXProject "MyStore" */ = {
			isa = XCConfigurationList;
			buildConfigurations = (
				83CBBA201A601CBA00E9B192 /* Debug */,
				83CBBA211A601CBA00E9B192 /* Release */,
			);
			defaultConfigurationIsVisible = 0;
			defaultConfigurationName = Release;
		};
/* End XCConfigurationList section */
	};
	rootObject = 83CBB9F71A601CBA00E9B192 /* Project object */;
}
